
Microsoft Visual Studio Solution File, Format Version 12.00
# Visual Studio Version 17
VisualStudioVersion = 17.4.33205.214
MinimumVisualStudioVersion = 10.0.40219.1
Project("{9A19103F-16F7-4668-BE54-9A1E7A4F7556}") = "ImGuizmo.NET", "ImGuizmo.NET\ImGuizmo.NET.csproj", "{EFE75013-1FA0-426E-A00D-A1C2302A7ACA}"
EndProject
Global
	GlobalSection(SolutionConfigurationPlatforms) = preSolution
		Debug|Any CPU = Debug|Any CPU
		Release|Any CPU = Release|Any CPU
	EndGlobalSection
	GlobalSection(ProjectConfigurationPlatforms) = postSolution
		{EFE75013-1FA0-426E-A00D-A1C2302A7ACA}.Debug|x64.ActiveCfg = Debug|x64
		{EFE75013-1FA0-426E-A00D-A1C2302A7ACA}.Debug|x64.Build.0 = Debug|x64
		{EFE75013-1FA0-426E-A00D-A1C2302A7ACA}.Release|x64.ActiveCfg = Release|Any CPU
		{EFE75013-1FA0-426E-A00D-A1C2302A7ACA}.Release|x64.Build.0 = Release|Any CPU
	EndGlobalSection
	GlobalSection(SolutionProperties) = preSolution
		HideSolutionNode = FALSE
	EndGlobalSection
	GlobalSection(ExtensibilityGlobals) = postSolution
		SolutionGuid = {FA966AA6-EE09-4169-BA00-DF4BB68F627D}
	EndGlobalSection
EndGlobal
