
Microsoft Visual Studio Solution File, Format Version 12.00
# Visual Studio Version 17
VisualStudioVersion = 17.4.33205.214
MinimumVisualStudioVersion = 10.0.40219.1
Project("{9A19103F-16F7-4668-BE54-9A1E7A4F7556}") = "ImGuizmo.NET", "ImGuizmo.NET\ImGuizmo.NET.csproj", "{EFE75013-1FA0-426E-A00D-A1C2302A7ACA}"
EndProject
Project("{8BC9CEB8-8B4A-11D0-8D11-00A0C91BC942}") = "NativeComponents", "NativeComponents\NativeComponents.vcxproj", "{AC2F29A6-5129-465C-8680-018CCEA3B63A}"
EndProject
Global
	GlobalSection(SolutionConfigurationPlatforms) = preSolution
		Debug|x64 = Debug|x64
		Release|x64 = Release|x64
	EndGlobalSection
	GlobalSection(ProjectConfigurationPlatforms) = postSolution
		{EFE75013-1FA0-426E-A00D-A1C2302A7ACA}.Debug|x64.ActiveCfg = Debug|x64
		{EFE75013-1FA0-426E-A00D-A1C2302A7ACA}.Debug|x64.Build.0 = Debug|x64
		{EFE75013-1FA0-426E-A00D-A1C2302A7ACA}.Release|x64.ActiveCfg = Release|Any CPU
		{EFE75013-1FA0-426E-A00D-A1C2302A7ACA}.Release|x64.Build.0 = Release|Any CPU
		{AC2F29A6-5129-465C-8680-018CCEA3B63A}.Debug|x64.ActiveCfg = Debug|x64
		{AC2F29A6-5129-465C-8680-018CCEA3B63A}.Debug|x64.Build.0 = Debug|x64
		{AC2F29A6-5129-465C-8680-018CCEA3B63A}.Release|x64.ActiveCfg = Release|x64
		{AC2F29A6-5129-465C-8680-018CCEA3B63A}.Release|x64.Build.0 = Release|x64
	EndGlobalSection
	GlobalSection(SolutionProperties) = preSolution
		HideSolutionNode = FALSE
	EndGlobalSection
	GlobalSection(ExtensibilityGlobals) = postSolution
		SolutionGuid = {FA966AA6-EE09-4169-BA00-DF4BB68F627D}
	EndGlobalSection
EndGlobal
